{
  "name": "paradiseisland",
  "version": "1.0.0",
  "lockfileVersion": 1,
  "requires": true,
  "dependencies": {
    "@fortawesome/fontawesome-free": {
      "version": "5.11.2",
      "resolved": "https://registry.npmjs.org/@fortawesome/fontawesome-free/-/fontawesome-free-5.11.2.tgz",
      "integrity": "sha512-XiUPoS79r1G7PcpnNtq85TJ7inJWe0v+b5oZJZKb0pGHNIV6+UiNeQWiFGmuQ0aj7GEhnD/v9iqxIsjuRKtEnQ=="
    },
    "@uirouter/angularjs": {
      "version": "1.0.26",
      "resolved": "https://registry.npmjs.org/@uirouter/angularjs/-/angularjs-1.0.26.tgz",
      "integrity": "sha512-90kS4j0cBk1rpipE/CFC+/cNpc32WHI5536oHsJzAOIDY1NoSmb5TMOISrJslg7sBGF56NEtGoRVf42gaACrfA==",
      "requires": {
        "@uirouter/core": "6.0.5"
      }
    },
    "@uirouter/core": {
      "version": "6.0.5",
      "resolved": "https://registry.npmjs.org/@uirouter/core/-/core-6.0.5.tgz",
      "integrity": "sha512-WN2HyELsxvqLaCMYCWojGW/QLRBgFBfwyERp5jC3Vn1njo/FLI5hplVqWMu6LIGp6Hpz3pbdtSaiFb1iY7iTVw=="
    },
    "angular": {
      "version": "1.8.0",
      "resolved": "https://registry.npmjs.org/angular/-/angular-1.8.0.tgz",
      "integrity": "sha512-VdaMx+Qk0Skla7B5gw77a8hzlcOakwF8mjlW13DpIWIDlfqwAbSSLfd8N/qZnzEmQF4jC4iofInd3gE7vL8ZZg=="
    },
    "angular-cookies": {
      "version": "1.7.9",
      "resolved": "https://registry.npmjs.org/angular-cookies/-/angular-cookies-1.7.9.tgz",
      "integrity": "sha512-3eRq/aPrtCZKDWQnc3nW3sFoMbLiHkCkyDF2O9u7VXnqvVsUPaipk5R1ZqahgcSQHQrN/F5IU4T4nrz52qAZmA=="
    },
    "angular-resource": {
      "version": "1.7.9",
      "resolved": "https://registry.npmjs.org/angular-resource/-/angular-resource-1.7.9.tgz",
      "integrity": "sha512-rXXhCE2qT31Pn4Sl+2XL+ntv4zxnA2OzY+clCl8/pOp/s/gIzxpQlEtXipo3QK8Qur3glbIkeF/bJw+gjVAdUw=="
    },
    "bootstrap": {
      "version": "4.3.1",
      "resolved": "https://registry.npmjs.org/bootstrap/-/bootstrap-4.3.1.tgz",
      "integrity": "sha512-rXqOmH1VilAt2DyPzluTi2blhk17bO7ef+zLLPlWvG494pDxcM234pJ8wTc/6R40UWizAIIMgxjvxZg5kmsbag=="
    },
    "jquery": {
      "version": "3.4.1",
      "resolved": "https://registry.npmjs.org/jquery/-/jquery-3.4.1.tgz",
      "integrity": "sha512-36+AdBzCL+y6qjw5Tx7HgzeGCzC81MDDgaUP8ld2zhx58HdqXGoBd+tHdrBMiyjGQs0Hxs/MLZTu/eHNJJuWPw=="
    },
    "popper.js": {
      "version": "1.16.0",
      "resolved": "https://registry.npmjs.org/popper.js/-/popper.js-1.16.0.tgz",
      "integrity": "sha512-+G+EkOPoE5S/zChTpmBSSDYmhXJ5PsW8eMhH8cP/CQHMFPBG/kC9Y5IIw6qNYgdJ+/COf0ddY2li28iHaZRSjw=="
    }
  }
}
